version: 7
platforms:
- name: linux-64
- name: linux-aarch64
environments:
  default:
    channels:
    - url: http://localhost:8000/
    - url: https://prefix.dev/pixi-build-backends/
    - url: https://prefix.dev/conda-forge/
    packages:
      linux-64:
      - conda: https://prefix.dev/conda-forge/linux-64/_openmp_mutex-4.5-20_gnu.conda
      - conda: https://prefix.dev/conda-forge/linux-64/libgcc-15.2.0-he0feb66_19.conda
      - conda: https://prefix.dev/conda-forge/linux-64/libgomp-15.2.0-he0feb66_19.conda
      - conda: https://prefix.dev/conda-forge/linux-64/libstdcxx-15.2.0-h934c35e_19.conda
      - conda_source: xtypes[fd81e399] @ .
      linux-aarch64:
      - conda: https://prefix.dev/conda-forge/linux-aarch64/_openmp_mutex-4.5-20_gnu.conda
      - conda: https://prefix.dev/conda-forge/linux-aarch64/libgcc-15.2.0-h8acb6b2_19.conda
      - conda: https://prefix.dev/conda-forge/linux-aarch64/libgomp-15.2.0-h8acb6b2_19.conda
      - conda: https://prefix.dev/conda-forge/linux-aarch64/libstdcxx-15.2.0-hef695bb_19.conda
      - conda_source: xtypes[3b11246b] @ .
packages:
- conda: https://prefix.dev/conda-forge/linux-64/_openmp_mutex-4.5-20_gnu.conda
  build_number: 20
  sha256: 1dd3fffd892081df9726d7eb7e0dea6198962ba775bd88842135a4ddb4deb3c9
  md5: a9f577daf3de00bca7c3c76c0ecbd1de
  depends:
  - __glibc >=2.17,<3.0.a0
  - libgomp >=7.5.0
  constrains:
  - openmp_impl <0.0a0
  license: BSD-3-Clause
  license_family: BSD
  run_exports:
    strong:
    - _openmp_mutex >=4.5
  size: 28948
  timestamp: 1770939786096
- conda: https://prefix.dev/conda-forge/linux-64/binutils_impl_linux-64-2.45.1-default_hfdba357_102.conda
  sha256: 0a7d405064f53b9d91d92515f1460f7906ee5e8523f3cd8973430e81219f4917
  md5: 8165352fdce2d2025bf884dc0ee85700
  depends:
  - ld_impl_linux-64 2.45.1 default_hbd61a6d_102
  - sysroot_linux-64
  - zstd >=1.5.7,<1.6.0a0
  license: GPL-3.0-only
  license_family: GPL
  run_exports: {}
  size: 3661455
  timestamp: 1774197460085
- conda: https://prefix.dev/conda-forge/linux-64/binutils_linux-64-2.45.1-default_h4852527_102.conda
  sha256: 78a58d523d072b7f8e591b8f8572822e044b31764ed7e8d170392e7bc6d58339
  md5: 2a307a17309d358c9b42afdd3199ddcc
  depends:
  - binutils_impl_linux-64 2.45.1 default_hfdba357_102
  license: GPL-3.0-only
  license_family: GPL
  run_exports: {}
  size: 36304
  timestamp: 1774197485247
- conda: https://prefix.dev/conda-forge/linux-64/bzip2-1.0.8-hda65f42_9.conda
  sha256: 0b75d45f0bba3e95dc693336fa51f40ea28c980131fec438afb7ce6118ed05f6
  md5: d2ffd7602c02f2b316fd921d39876885
  depends:
  - __glibc >=2.17,<3.0.a0
  - libgcc >=14
  license: bzip2-1.0.6
  license_family: BSD
  run_exports:
    weak:
    - bzip2 >=1.0.8,<2.0a0
  size: 260182
  timestamp: 1771350215188
- conda: https://prefix.dev/conda-forge/linux-64/c-ares-1.34.6-hb03c661_0.conda
  sha256: cc9accf72fa028d31c2a038460787751127317dcfa991f8d1f1babf216bb454e
  md5: 920bb03579f15389b9e512095ad995b7
  depends:
  - __glibc >=2.17,<3.0.a0
  - libgcc >=14
  license: MIT
  license_family: MIT
  run_exports:
    weak:
    - c-ares >=1.34.6,<2.0a0
  size: 207882
  timestamp: 1765214722852
- conda: https://prefix.dev/conda-forge/linux-64/cmake-4.3.2-hc85cc9f_0.conda
  sha256: 2c28bf80ca85fd62ff955850522ea72d5a19c1f3d548354b9ce991ee900252ad
  md5: 92093889766d74d1d3d8079cd11d5642
  depends:
  - __glibc >=2.17,<3.0.a0
  - bzip2 >=1.0.8,<2.0a0
  - libcurl >=8.19.0,<9.0a0
  - libexpat >=2.7.5,<3.0a0
  - libgcc >=14
  - liblzma >=5.8.3,<6.0a0
  - libstdcxx >=14
  - libuv >=1.51.0,<2.0a0
  - libzlib >=1.3.2,<2.0a0
  - ncurses >=6.5,<7.0a0
  - rhash >=1.4.6,<2.0a0
  - zstd >=1.5.7,<1.6.0a0
  license: BSD-3-Clause
  license_family: BSD
  run_exports: {}
  size: 23076535
  timestamp: 1776799558143
- conda: https://prefix.dev/conda-forge/linux-64/gcc_impl_linux-64-15.2.0-he0086c7_19.conda
  sha256: a48400ec4b73369c1c59babe4ad35821b63a88bba0ec40a80cea5f8c53a26b83
  md5: e3be72048d3c4a78b8e27ec48ba06252
  depends:
  - binutils_impl_linux-64 >=2.45
  - libgcc >=15.2.0
  - libgcc-devel_linux-64 15.2.0 hcc6f6b0_119
  - libgomp >=15.2.0
  - libsanitizer 15.2.0 h90f66d4_19
  - libstdcxx >=15.2.0
  - libstdcxx-devel_linux-64 15.2.0 hd446a21_119
  - sysroot_linux-64
  license: GPL-3.0-only WITH GCC-exception-3.1
  license_family: GPL
  run_exports: {}
  size: 81180457
  timestamp: 1778269124617
- conda: https://prefix.dev/conda-forge/linux-64/gcc_linux-64-15.2.0-h7be306e_24.conda
  sha256: 7e1a77123819f9e6c15439df9a987c66235c53e4c6d12a9ab3cea883258214df
  md5: 81f96ca8673107e2da4a6b9e3807cf74
  depends:
  - gcc_impl_linux-64 15.2.0.*
  - binutils_linux-64
  - sysroot_linux-64
  license: BSD-3-Clause
  license_family: BSD
  run_exports:
    strong:
    - libgcc >=15
  size: 29081
  timestamp: 1777144726741
- conda: https://prefix.dev/conda-forge/linux-64/gxx_impl_linux-64-15.2.0-hda75c37_19.conda
  sha256: 3f5288346b9fe233352443b3c2e31f1fde845e39d3e96475fc05ec2e782af158
  md5: 9d41f3899b512199af0a4bb939b83e21
  depends:
  - gcc_impl_linux-64 15.2.0 he0086c7_19
  - libstdcxx-devel_linux-64 15.2.0 hd446a21_119
  - sysroot_linux-64
  - tzdata
  license: GPL-3.0-only WITH GCC-exception-3.1
  license_family: GPL
  run_exports: {}
  size: 16356816
  timestamp: 1778269332159
- conda: https://prefix.dev/conda-forge/linux-64/gxx_linux-64-15.2.0-he30e93d_24.conda
  sha256: 9b40af502e2471ceff9a04a860165d8a6fac659c07dc115ed8357e1a77e2cbe7
  md5: 0787df5104bd63d2186dd3902244e7c3
  depends:
  - gxx_impl_linux-64 15.2.0.*
  - gcc_linux-64 ==15.2.0 h7be306e_24
  - binutils_linux-64
  - sysroot_linux-64
  license: BSD-3-Clause
  license_family: BSD
  run_exports:
    strong:
    - libstdcxx >=15
    - libgcc >=15
  size: 27602
  timestamp: 1777144726741
- conda: https://prefix.dev/conda-forge/linux-64/keyutils-1.6.3-hb9d3cd8_0.conda
  sha256: 0960d06048a7185d3542d850986d807c6e37ca2e644342dd0c72feefcf26c2a4
  md5: b38117a3c920364aff79f870c984b4a3
  depends:
  - __glibc >=2.17,<3.0.a0
  - libgcc >=13
  license: LGPL-2.1-or-later
  run_exports:
    weak:
    - keyutils >=1.6.3,<2.0a0
  size: 134088
  timestamp: 1754905959823
- conda: https://prefix.dev/conda-forge/linux-64/krb5-1.22.2-ha1258a1_0.conda
  sha256: 3e307628ca3527448dd1cb14ad7bb9d04d1d28c7d4c5f97ba196ae984571dd25
  md5: fb53fb07ce46a575c5d004bbc96032c2
  depends:
  - __glibc >=2.17,<3.0.a0
  - keyutils >=1.6.3,<2.0a0
  - libedit >=3.1.20250104,<3.2.0a0
  - libedit >=3.1.20250104,<4.0a0
  - libgcc >=14
  - libstdcxx >=14
  - openssl >=3.5.5,<4.0a0
  license: MIT
  license_family: MIT
  run_exports:
    weak:
    - krb5 >=1.22.2,<1.23.0a0
  size: 1386730
  timestamp: 1769769569681
- conda: https://prefix.dev/conda-forge/linux-64/ld_impl_linux-64-2.45.1-default_hbd61a6d_102.conda
  sha256: 3d584956604909ff5df353767f3a2a2f60e07d070b328d109f30ac40cd62df6c
  md5: 18335a698559cdbcd86150a48bf54ba6
  depends:
  - __glibc >=2.17,<3.0.a0
  - zstd >=1.5.7,<1.6.0a0
  constrains:
  - binutils_impl_linux-64 2.45.1
  license: GPL-3.0-only
  license_family: GPL
  run_exports: {}
  size: 728002
  timestamp: 1774197446916
- conda: https://prefix.dev/conda-forge/linux-64/libcurl-8.20.0-hcf29cc6_0.conda
  sha256: 75963a5dd913311f59a35dbd307592f4fa754c4808aff9c33edb430c415e38eb
  md5: c3cc2864f82a944bc90a7beb4d3b0e88
  depends:
  - __glibc >=2.17,<3.0.a0
  - krb5 >=1.22.2,<1.23.0a0
  - libgcc >=14
  - libnghttp2 >=1.68.1,<2.0a0
  - libssh2 >=1.11.1,<2.0a0
  - libzlib >=1.3.2,<2.0a0
  - openssl >=3.5.6,<4.0a0
  - zstd >=1.5.7,<1.6.0a0
  license: curl
  license_family: MIT
  run_exports:
    weak:
    - libcurl >=8.20.0,<9.0a0
  size: 468706
  timestamp: 1777461492876
- conda: https://prefix.dev/conda-forge/linux-64/libedit-3.1.20250104-pl5321h7949ede_0.conda
  sha256: d789471216e7aba3c184cd054ed61ce3f6dac6f87a50ec69291b9297f8c18724
  md5: c277e0a4d549b03ac1e9d6cbbe3d017b
  depends:
  - ncurses
  - __glibc >=2.17,<3.0.a0
  - libgcc >=13
  - ncurses >=6.5,<7.0a0
  license: BSD-2-Clause
  license_family: BSD
  run_exports:
    weak:
    - libedit >=3.1.20250104,<3.2.0a0
  size: 134676
  timestamp: 1738479519902
- conda: https://prefix.dev/conda-forge/linux-64/libev-4.33-hd590300_2.conda
  sha256: 1cd6048169fa0395af74ed5d8f1716e22c19a81a8a36f934c110ca3ad4dd27b4
  md5: 172bf1cd1ff8629f2b1179945ed45055
  depends:
  - libgcc-ng >=12
  license: BSD-2-Clause
  license_family: BSD
  run_exports:
    weak:
    - libev >=4.33,<4.34.0a0
  size: 112766
  timestamp: 1702146165126
- conda: https://prefix.dev/conda-forge/linux-64/libexpat-2.8.0-hecca717_0.conda
  sha256: ea33c40977ea7a2c3658c522230058395bc2ee0d89d99f0711390b6a1ee80d12
  md5: a3b390520c563d78cc58974de95a03e5
  depends:
  - __glibc >=2.17,<3.0.a0
  - libgcc >=14
  constrains:
  - expat 2.8.0.*
  license: MIT
  license_family: MIT
  run_exports: {}
  size: 77241
  timestamp: 1777846112704
- conda: https://prefix.dev/conda-forge/linux-64/libgcc-15.2.0-he0feb66_19.conda
  sha256: 8e0a3b5e41272e5678499b5dfc4cddb673f9e935de01eb0767ce857001229f46
  md5: 57736f29cc2b0ec0b6c2952d3f101b6a
  depends:
  - __glibc >=2.17,<3.0.a0
  - _openmp_mutex >=4.5
  constrains:
  - libgcc-ng ==15.2.0=*_19
  - libgomp 15.2.0 he0feb66_19
  license: GPL-3.0-only WITH GCC-exception-3.1
  license_family: GPL
  run_exports: {}
  size: 1041084
  timestamp: 1778269013026
- conda: https://prefix.dev/conda-forge/linux-64/libgcc-ng-15.2.0-h69a702a_19.conda
  sha256: 9dcf54adfaa5e861123c2da4f2f0451a685464ea7e5a41ad91cf67b31d658d98
  md5: 331ee9b72b9dff570d56b1302c5ab37d
  depends:
  - libgcc 15.2.0 he0feb66_19
  license: GPL-3.0-only WITH GCC-exception-3.1
  license_family: GPL
  run_exports:
    strong:
    - libgcc
  size: 27694
  timestamp: 1778269016987
- conda: https://prefix.dev/conda-forge/linux-64/libgomp-15.2.0-he0feb66_19.conda
  sha256: 5abe4ab9d93f6c9757d654f1969ae2267d4505315c1f2f8fe705fd60af084f1b
  md5: faac990cb7aedc7f3a2224f2c9b0c26c
  depends:
  - __glibc >=2.17,<3.0.a0
  license: GPL-3.0-only WITH GCC-exception-3.1
  license_family: GPL
  run_exports:
    strong:
    - _openmp_mutex >=4.5
  size: 603817
  timestamp: 1778268942614
- conda: https://prefix.dev/conda-forge/linux-64/liblzma-5.8.3-hb03c661_0.conda
  sha256: ec30e52a3c1bf7d0425380a189d209a52baa03f22fb66dd3eb587acaa765bd6d
  md5: b88d90cad08e6bc8ad540cb310a761fb
  depends:
  - __glibc >=2.17,<3.0.a0
  - libgcc >=14
  constrains:
  - xz 5.8.3.*
  license: 0BSD
  run_exports:
    weak:
    - liblzma >=5.8.3,<6.0a0
  size: 113478
  timestamp: 1775825492909
- conda: https://prefix.dev/conda-forge/linux-64/libnghttp2-1.68.1-h877daf1_0.conda
  sha256: 663444d77a42f2265f54fb8b48c5450bfff4388d9c0f8253dd7855f0d993153f
  md5: 2a45e7f8af083626f009645a6481f12d
  depends:
  - __glibc >=2.17,<3.0.a0
  - c-ares >=1.34.6,<2.0a0
  - libev >=4.33,<4.34.0a0
  - libev >=4.33,<5.0a0
  - libgcc >=14
  - libstdcxx >=14
  - libzlib >=1.3.1,<2.0a0
  - openssl >=3.5.5,<4.0a0
  license: MIT
  license_family: MIT
  run_exports:
    weak:
    - libnghttp2 >=1.68.1,<2.0a0
  size: 663344
  timestamp: 1773854035739
- conda: https://prefix.dev/conda-forge/linux-64/libsanitizer-15.2.0-h90f66d4_19.conda
  sha256: 7a58892a52739ce4c0f7109de9e91b4353104748eb04fc6441d88e8af444ba99
  md5: 67eef12ce33f7ff99900c212d7076fc2
  depends:
  - __glibc >=2.17,<3.0.a0
  - libgcc >=15.2.0
  - libstdcxx >=15.2.0
  license: GPL-3.0-only WITH GCC-exception-3.1
  license_family: GPL
  run_exports:
    weak:
    - libsanitizer 15.2.0
  size: 7930689
  timestamp: 1778269054623
- conda: https://prefix.dev/conda-forge/linux-64/libssh2-1.11.1-hcf80075_0.conda
  sha256: fa39bfd69228a13e553bd24601332b7cfeb30ca11a3ca50bb028108fe90a7661
  md5: eecce068c7e4eddeb169591baac20ac4
  depends:
  - __glibc >=2.17,<3.0.a0
  - libgcc >=13
  - libzlib >=1.3.1,<2.0a0
  - openssl >=3.5.0,<4.0a0
  license: BSD-3-Clause
  license_family: BSD
  run_exports:
    weak:
    - libssh2 >=1.11.1,<2.0a0
  size: 304790
  timestamp: 1745608545575
- conda: https://prefix.dev/conda-forge/linux-64/libstdcxx-15.2.0-h934c35e_19.conda
  sha256: dff1058c76ec6b8759e41cefa2508162d00e4a5e6721aa68ec3fd10094e702dc
  md5: 5794b3bdc38177caf969dabd3af08549
  depends:
  - __glibc >=2.17,<3.0.a0
  - libgcc 15.2.0 he0feb66_19
  constrains:
  - libstdcxx-ng ==15.2.0=*_19
  license: GPL-3.0-only WITH GCC-exception-3.1
  license_family: GPL
  run_exports: {}
  size: 5852044
  timestamp: 1778269036376
- conda: https://prefix.dev/conda-forge/linux-64/libuv-1.51.0-hb03c661_1.conda
  sha256: c180f4124a889ac343fc59d15558e93667d894a966ec6fdb61da1604481be26b
  md5: 0f03292cc56bf91a077a134ea8747118
  depends:
  - __glibc >=2.17,<3.0.a0
  - libgcc >=14
  license: MIT
  license_family: MIT
  run_exports:
    weak:
    - libuv >=1.51.0,<2.0a0
  size: 895108
  timestamp: 1753948278280
- conda: https://prefix.dev/conda-forge/linux-64/libzlib-1.3.2-h25fd6f3_2.conda
  sha256: 55044c403570f0dc26e6364de4dc5368e5f3fc7ff103e867c487e2b5ab2bcda9
  md5: d87ff7921124eccd67248aa483c23fec
  depends:
  - __glibc >=2.17,<3.0.a0
  constrains:
  - zlib 1.3.2 *_2
  license: Zlib
  license_family: Other
  run_exports:
    weak:
    - libzlib >=1.3.2,<2.0a0
  size: 63629
  timestamp: 1774072609062
- conda: https://prefix.dev/conda-forge/linux-64/ncurses-6.6-hdb14827_0.conda
  sha256: fc89f74bbe362fb29fa3c037697a89bec140b346a2469a90f7936d1d7ea4d8a3
  md5: fc21868a1a5aacc937e7a18747acb8a5
  depends:
  - __glibc >=2.17,<3.0.a0
  - libgcc >=14
  license: X11 AND BSD-3-Clause
  run_exports:
    weak:
    - ncurses >=6.6,<7.0a0
  size: 918956
  timestamp: 1777422145199
- conda: https://prefix.dev/conda-forge/linux-64/ninja-1.13.2-h171cf75_0.conda
  sha256: 6f7d59dbec0a7b00bf5d103a4306e8886678b796ff2151b62452d4582b2a53fb
  md5: b518e9e92493721281a60fa975bddc65
  depends:
  - libstdcxx >=14
  - libgcc >=14
  - __glibc >=2.17,<3.0.a0
  license: Apache-2.0
  license_family: APACHE
  run_exports: {}
  size: 186323
  timestamp: 1763688260928
- conda: https://prefix.dev/conda-forge/linux-64/openssl-3.6.2-h35e630c_0.conda
  sha256: c0ef482280e38c71a08ad6d71448194b719630345b0c9c60744a2010e8a8e0cb
  md5: da1b85b6a87e141f5140bb9924cecab0
  depends:
  - __glibc >=2.17,<3.0.a0
  - ca-certificates
  - libgcc >=14
  license: Apache-2.0
  license_family: Apache
  run_exports:
    weak:
    - openssl >=3.6.2,<4.0a0
  size: 3167099
  timestamp: 1775587756857
- conda: https://prefix.dev/conda-forge/linux-64/rhash-1.4.6-hb9d3cd8_1.conda
  sha256: d5c73079c1dd2c2a313c3bfd81c73dbd066b7eb08d213778c8bff520091ae894
  md5: c1c9b02933fdb2cfb791d936c20e887e
  depends:
  - __glibc >=2.17,<3.0.a0
  - libgcc >=13
  license: MIT
  license_family: MIT
  run_exports:
    weak:
    - rhash >=1.4.6,<2.0a0
  size: 193775
  timestamp: 1748644872902
- conda: https://prefix.dev/conda-forge/linux-64/zstd-1.5.7-hb78ec9c_6.conda
  sha256: 68f0206ca6e98fea941e5717cec780ed2873ffabc0e1ed34428c061e2c6268c7
  md5: 4a13eeac0b5c8e5b8ab496e6c4ddd829
  depends:
  - __glibc >=2.17,<3.0.a0
  - libzlib >=1.3.1,<2.0a0
  license: BSD-3-Clause
  license_family: BSD
  run_exports:
    weak:
    - zstd >=1.5.7,<1.6.0a0
  size: 601375
  timestamp: 1764777111296
- conda: https://prefix.dev/conda-forge/linux-aarch64/_openmp_mutex-4.5-20_gnu.conda
  build_number: 20
  sha256: a2527b1d81792a0ccd2c05850960df119c2b6d8f5fdec97f2db7d25dc23b1068
  md5: 468fd3bb9e1f671d36c2cbc677e56f1d
  depends:
  - libgomp >=7.5.0
  constrains:
  - openmp_impl <0.0a0
  license: BSD-3-Clause
  license_family: BSD
  run_exports:
    strong:
    - _openmp_mutex >=4.5
  size: 28926
  timestamp: 1770939656741
- conda: https://prefix.dev/conda-forge/linux-aarch64/binutils_impl_linux-aarch64-2.45.1-default_h5f4c503_102.conda
  sha256: 7fd4ddde2f0150d015dfa9f2db5f428bd1570078f270e4bd4f116487a52de169
  md5: 56a04d796d7e3cdc9f8d2e1278e91bff
  depends:
  - ld_impl_linux-aarch64 2.45.1 default_h1979696_102
  - sysroot_linux-aarch64
  - zstd >=1.5.7,<1.6.0a0
  license: GPL-3.0-only
  license_family: GPL
  run_exports: {}
  size: 4683754
  timestamp: 1774197535605
- conda: https://prefix.dev/conda-forge/linux-aarch64/binutils_linux-aarch64-2.45.1-default_hf1166c9_102.conda
  sha256: ad076ff5f3d7734c48ea241a99c16336c278081a5f7a523329d0d5956723c481
  md5: 68d0661516aed9cab68d2ad6e287941f
  depends:
  - binutils_impl_linux-aarch64 2.45.1 default_h5f4c503_102
  license: GPL-3.0-only
  license_family: GPL
  run_exports: {}
  size: 36267
  timestamp: 1774197561368
- conda: https://prefix.dev/conda-forge/linux-aarch64/bzip2-1.0.8-h4777abc_9.conda
  sha256: b3495077889dde6bb370938e7db82be545c73e8589696ad0843a32221520ad4c
  md5: 840d8fc0d7b3209be93080bc20e07f2d
  depends:
  - libgcc >=14
  license: bzip2-1.0.6
  license_family: BSD
  run_exports:
    weak:
    - bzip2 >=1.0.8,<2.0a0
  size: 192412
  timestamp: 1771350241232
- conda: https://prefix.dev/conda-forge/linux-aarch64/c-ares-1.34.6-he30d5cf_0.conda
  sha256: 7ec8a68efe479e2e298558cbc2e79d29430d5c7508254268818c0ae19b206519
  md5: 1dfbec0d08f112103405756181304c16
  depends:
  - libgcc >=14
  license: MIT
  license_family: MIT
  run_exports:
    weak:
    - c-ares >=1.34.6,<2.0a0
  size: 217215
  timestamp: 1765214743735
- conda: https://prefix.dev/conda-forge/linux-aarch64/cmake-4.3.2-hc9d863e_0.conda
  sha256: 3568a337df9cd56df6fc50fd54be65c8bfd5debdd6f41387b78d97b37b6f0240
  md5: e47f2190cc74f3704d9907d0a49d8098
  depends:
  - bzip2 >=1.0.8,<2.0a0
  - libcurl >=8.19.0,<9.0a0
  - libexpat >=2.7.5,<3.0a0
  - libgcc >=14
  - liblzma >=5.8.3,<6.0a0
  - libstdcxx >=14
  - libuv >=1.51.0,<2.0a0
  - libzlib >=1.3.2,<2.0a0
  - ncurses >=6.5,<7.0a0
  - rhash >=1.4.6,<2.0a0
  - zstd >=1.5.7,<1.6.0a0
  license: BSD-3-Clause
  license_family: BSD
  run_exports: {}
  size: 22205740
  timestamp: 1776799656298
- conda: https://prefix.dev/conda-forge/linux-aarch64/gcc_impl_linux-aarch64-15.2.0-h3530432_19.conda
  sha256: cd23829b5fb7f3ff5f44eab2da1a993e06bdf759b681a0a7a73bb5783755b6b3
  md5: 66dfb62e7a47e2b511f9c5ee0ff1abf3
  depends:
  - binutils_impl_linux-aarch64 >=2.45
  - libgcc >=15.2.0
  - libgcc-devel_linux-aarch64 15.2.0 h55c397f_119
  - libgomp >=15.2.0
  - libsanitizer 15.2.0 he19c465_19
  - libstdcxx >=15.2.0
  - libstdcxx-devel_linux-aarch64 15.2.0 ha7b1723_119
  - sysroot_linux-aarch64
  license: GPL-3.0-only WITH GCC-exception-3.1
  license_family: GPL
  run_exports: {}
  size: 73237372
  timestamp: 1778268860495
- conda: https://prefix.dev/conda-forge/linux-aarch64/gcc_linux-aarch64-15.2.0-h0bf4bd8_24.conda
  sha256: 719d3231e1bb842a41549e1b9df4da4e18ae7fd2f27d7d22711af9e58849b338
  md5: 11e8a56f6884597e1496815e61fa33d2
  depends:
  - gcc_impl_linux-aarch64 15.2.0.*
  - binutils_linux-aarch64
  - sysroot_linux-aarch64
  license: BSD-3-Clause
  license_family: BSD
  run_exports:
    strong:
    - libgcc >=15
  size: 28834
  timestamp: 1777144728341
- conda: https://prefix.dev/conda-forge/linux-aarch64/gxx_impl_linux-aarch64-15.2.0-h03e2352_19.conda
  sha256: afb0fc36b93539a8e43a8063c8d3e1b4bace38a5a0c3c9e1978c72792d633c62
  md5: 7214ae8a8aade7b48a2bfd8bbb4d9e79
  depends:
  - gcc_impl_linux-aarch64 15.2.0 h3530432_19
  - libstdcxx-devel_linux-aarch64 15.2.0 ha7b1723_119
  - sysroot_linux-aarch64
  - tzdata
  license: GPL-3.0-only WITH GCC-exception-3.1
  license_family: GPL
  run_exports: {}
  size: 14640001
  timestamp: 1778269082840
- conda: https://prefix.dev/conda-forge/linux-aarch64/gxx_linux-aarch64-15.2.0-h2b3cc8f_24.conda
  sha256: 427e39e4c09e912fa4769b7700758778cd0fdcd83e7d4d81b8a1c96656b0a27c
  md5: 559db3226dffed4637d0b0bbc4e40843
  depends:
  - gxx_impl_linux-aarch64 15.2.0.*
  - gcc_linux-aarch64 ==15.2.0 h0bf4bd8_24
  - binutils_linux-aarch64
  - sysroot_linux-aarch64
  license: BSD-3-Clause
  license_family: BSD
  run_exports:
    strong:
    - libstdcxx >=15
    - libgcc >=15
  size: 27398
  timestamp: 1777144728341
- conda: https://prefix.dev/conda-forge/linux-aarch64/keyutils-1.6.3-h86ecc28_0.conda
  sha256: 5ce830ca274b67de11a7075430a72020c1fb7d486161a82839be15c2b84e9988
  md5: e7df0aab10b9cbb73ab2a467ebfaf8c7
  depends:
  - libgcc >=13
  license: LGPL-2.1-or-later
  run_exports:
    weak:
    - keyutils >=1.6.3,<2.0a0
  size: 129048
  timestamp: 1754906002667
- conda: https://prefix.dev/conda-forge/linux-aarch64/krb5-1.22.2-hfd895c2_0.conda
  sha256: b53999d888dda53c506b264e8c02b5f5c8e022c781eda0718f007339e6bc90ba
  md5: d9ca108bd680ea86a963104b6b3e95ca
  depends:
  - keyutils >=1.6.3,<2.0a0
  - libedit >=3.1.20250104,<3.2.0a0
  - libedit >=3.1.20250104,<4.0a0
  - libgcc >=14
  - libstdcxx >=14
  - openssl >=3.5.5,<4.0a0
  license: MIT
  license_family: MIT
  run_exports:
    weak:
    - krb5 >=1.22.2,<1.23.0a0
  size: 1517436
  timestamp: 1769773395215
- conda: https://prefix.dev/conda-forge/linux-aarch64/ld_impl_linux-aarch64-2.45.1-default_h1979696_102.conda
  sha256: 7abd913d81a9bf00abb699e8987966baa2065f5132e37e815f92d90fc6bba530
  md5: a21644fc4a83da26452a718dc9468d5f
  depends:
  - zstd >=1.5.7,<1.6.0a0
  constrains:
  - binutils_impl_linux-aarch64 2.45.1
  license: GPL-3.0-only
  license_family: GPL
  run_exports: {}
  size: 875596
  timestamp: 1774197520746
- conda: https://prefix.dev/conda-forge/linux-aarch64/libcurl-8.20.0-hc57f145_0.conda
  sha256: 1607d3caf58f7d9e9ad9e5f0841737d0cfa47b5501d4e36fbf98e1c645d7393e
  md5: 88da514c8db1a7f6a05297941a897af2
  depends:
  - krb5 >=1.22.2,<1.23.0a0
  - libgcc >=14
  - libnghttp2 >=1.68.1,<2.0a0
  - libssh2 >=1.11.1,<2.0a0
  - libzlib >=1.3.2,<2.0a0
  - openssl >=3.5.6,<4.0a0
  - zstd >=1.5.7,<1.6.0a0
  license: curl
  license_family: MIT
  run_exports:
    weak:
    - libcurl >=8.20.0,<9.0a0
  size: 488942
  timestamp: 1777461485901
- conda: https://prefix.dev/conda-forge/linux-aarch64/libedit-3.1.20250104-pl5321h976ea20_0.conda
  sha256: c0b27546aa3a23d47919226b3a1635fccdb4f24b94e72e206a751b33f46fd8d6
  md5: fb640d776fc92b682a14e001980825b1
  depends:
  - ncurses
  - libgcc >=13
  - ncurses >=6.5,<7.0a0
  license: BSD-2-Clause
  license_family: BSD
  run_exports:
    weak:
    - libedit >=3.1.20250104,<3.2.0a0
  size: 148125
  timestamp: 1738479808948
- conda: https://prefix.dev/conda-forge/linux-aarch64/libev-4.33-h31becfc_2.conda
  sha256: 973af77e297f1955dd1f69c2cbdc5ab9dfc88388a5576cd152cda178af0fd006
  md5: a9a13cb143bbaa477b1ebaefbe47a302
  depends:
  - libgcc-ng >=12
  license: BSD-2-Clause
  license_family: BSD
  run_exports:
    weak:
    - libev >=4.33,<4.34.0a0
  size: 115123
  timestamp: 1702146237623
- conda: https://prefix.dev/conda-forge/linux-aarch64/libexpat-2.8.0-hfae3067_0.conda
  sha256: 206c422a7f4b462d1dc17d558f0299088d0992bd3309ae83f5440fcc4f130602
  md5: 3bacd6171f0a3f8fddd06c3d5ae01955
  depends:
  - libgcc >=14
  constrains:
  - expat 2.8.0.*
  license: MIT
  license_family: MIT
  run_exports: {}
  size: 76996
  timestamp: 1777846096032
- conda: https://prefix.dev/conda-forge/linux-aarch64/libgcc-15.2.0-h8acb6b2_19.conda
  sha256: 4592b096e553f67799ae70d4b6167eeda3ec74587d68c7aecbf4e7b1df136681
  md5: f35b3f52d0a2ec4ffe3c89ba135cdb9a
  depends:
  - _openmp_mutex >=4.5
  constrains:
  - libgomp 15.2.0 h8acb6b2_19
  - libgcc-ng ==15.2.0=*_19
  license: GPL-3.0-only WITH GCC-exception-3.1
  license_family: GPL
  run_exports: {}
  size: 622462
  timestamp: 1778268755949
- conda: https://prefix.dev/conda-forge/linux-aarch64/libgcc-ng-15.2.0-he9431aa_19.conda
  sha256: 1137f93f477f56199ded24117430045a0c02cbe8b10031beac3b9ad2138539d3
  md5: 770cf892e5530f43e63cadc673e85653
  depends:
  - libgcc 15.2.0 h8acb6b2_19
  license: GPL-3.0-only WITH GCC-exception-3.1
  license_family: GPL
  run_exports:
    strong:
    - libgcc
  size: 27738
  timestamp: 1778268759211
- conda: https://prefix.dev/conda-forge/linux-aarch64/libgomp-15.2.0-h8acb6b2_19.conda
  sha256: 2370ef0ffcbae5bede3c4bf136add4abc257245eb91f724c99bb4a43116c5a83
  md5: c5e8a379c4a2ec2aea4ba22758c001d9
  license: GPL-3.0-only WITH GCC-exception-3.1
  license_family: GPL
  run_exports:
    strong:
    - _openmp_mutex >=4.5
  size: 587387
  timestamp: 1778268674393
- conda: https://prefix.dev/conda-forge/linux-aarch64/liblzma-5.8.3-he30d5cf_0.conda
  sha256: d61962b9cd54c3554361550203c64d5b65b71e3058a285b66e4b04b9769f0a5c
  md5: 76298a9e6d71ee6e832a8d0d7373b261
  depends:
  - libgcc >=14
  constrains:
  - xz 5.8.3.*
  license: 0BSD
  run_exports:
    weak:
    - liblzma >=5.8.3,<6.0a0
  size: 126102
  timestamp: 1775828008518
- conda: https://prefix.dev/conda-forge/linux-aarch64/libnghttp2-1.68.1-hd3077d7_0.conda
  sha256: 13782715b9eeebc4ad16d36e84ca569d1495e3516aea3fe546a32caa0a597d82
  md5: be5f0f007a4500a226ef001115535a3d
  depends:
  - c-ares >=1.34.6,<2.0a0
  - libev >=4.33,<4.34.0a0
  - libev >=4.33,<5.0a0
  - libgcc >=14
  - libstdcxx >=14
  - libzlib >=1.3.1,<2.0a0
  - openssl >=3.5.5,<4.0a0
  license: MIT
  license_family: MIT
  run_exports:
    weak:
    - libnghttp2 >=1.68.1,<2.0a0
  size: 726928
  timestamp: 1773854039807
- conda: https://prefix.dev/conda-forge/linux-aarch64/libsanitizer-15.2.0-he19c465_19.conda
  sha256: 8115604f113fe2b7be95b2d22183a4dda5779c1cc6db4b826af800581498b4b3
  md5: 95210a1edbd7fc6e12afc9f8276f450a
  depends:
  - libgcc >=15.2.0
  - libstdcxx >=15.2.0
  license: GPL-3.0-only WITH GCC-exception-3.1
  license_family: GPL
  run_exports:
    weak:
    - libsanitizer 15.2.0
  size: 7067965
  timestamp: 1778268796086
- conda: https://prefix.dev/conda-forge/linux-aarch64/libssh2-1.11.1-h18c354c_0.conda
  sha256: 1e289bcce4ee6a5817a19c66e296f3c644dcfa6e562e5c1cba807270798814e7
  md5: eecc495bcfdd9da8058969656f916cc2
  depends:
  - libgcc >=13
  - libzlib >=1.3.1,<2.0a0
  - openssl >=3.5.0,<4.0a0
  license: BSD-3-Clause
  license_family: BSD
  run_exports:
    weak:
    - libssh2 >=1.11.1,<2.0a0
  size: 311396
  timestamp: 1745609845915
- conda: https://prefix.dev/conda-forge/linux-aarch64/libstdcxx-15.2.0-hef695bb_19.conda
  sha256: 1dadc45e599f510dd5f97141dddcdbb9844d9f1430c1f3a38075cf1c58f87b4e
  md5: 543fbc8d71f2a0baf04cf88ce96cb8bb
  depends:
  - libgcc 15.2.0 h8acb6b2_19
  constrains:
  - libstdcxx-ng ==15.2.0=*_19
  license: GPL-3.0-only WITH GCC-exception-3.1
  license_family: GPL
  run_exports: {}
  size: 5546559
  timestamp: 1778268777463
- conda: https://prefix.dev/conda-forge/linux-aarch64/libuv-1.51.0-he30d5cf_1.conda
  sha256: 7a0fb5638582efc887a18b7d270b0c4a6f6e681bf401cab25ebafa2482569e90
  md5: 8e62bf5af966325ee416f19c6f14ffa3
  depends:
  - libgcc >=14
  license: MIT
  license_family: MIT
  run_exports:
    weak:
    - libuv >=1.51.0,<2.0a0
  size: 629238
  timestamp: 1753948296190
- conda: https://prefix.dev/conda-forge/linux-aarch64/libzlib-1.3.2-hdc9db2a_2.conda
  sha256: eb111e32e5a7313a5bf799c7fb2419051fa2fe7eff74769fac8d5a448b309f7f
  md5: 502006882cf5461adced436e410046d1
  constrains:
  - zlib 1.3.2 *_2
  license: Zlib
  license_family: Other
  run_exports:
    weak:
    - libzlib >=1.3.2,<2.0a0
  size: 69833
  timestamp: 1774072605429
- conda: https://prefix.dev/conda-forge/linux-aarch64/ncurses-6.6-hf8d1292_0.conda
  sha256: 369db85c5cd8d99dde364ce70725d76511d9c8199e5b820c740414091bf5bcca
  md5: b2a43456aa56fe80c2477a5094899eff
  depends:
  - libgcc >=14
  license: X11 AND BSD-3-Clause
  run_exports:
    weak:
    - ncurses >=6.6,<7.0a0
  size: 960036
  timestamp: 1777422174534
- conda: https://prefix.dev/conda-forge/linux-aarch64/ninja-1.13.2-hdc560ac_0.conda
  sha256: 45fbc7c8c44681f5cefba1e5b26ca504a4485b000c5dfaa31cec0b7bc78d0de4
  md5: 8b5222a41b5d51fb1a5a2c514e770218
  depends:
  - libstdcxx >=14
  - libgcc >=14
  license: Apache-2.0
  license_family: APACHE
  run_exports: {}
  size: 182666
  timestamp: 1763688214250
- conda: https://prefix.dev/conda-forge/linux-aarch64/openssl-3.6.2-h546c87b_0.conda
  sha256: 348cb74c1530ac241215d047ef65d134cf797af935c97a68655319362b7e6a01
  md5: 3b129669089e4d6a5c6871dbb4669b99
  depends:
  - ca-certificates
  - libgcc >=14
  license: Apache-2.0
  license_family: Apache
  run_exports:
    weak:
    - openssl >=3.6.2,<4.0a0
  size: 3706406
  timestamp: 1775589602258
- conda: https://prefix.dev/conda-forge/linux-aarch64/rhash-1.4.6-h86ecc28_1.conda
  sha256: 0fe6f40213f2d8af4fcb7388eeb782a4e496c8bab32c189c3a34b37e8004e5a4
  md5: 745d02c0c22ea2f28fbda2cb5dbec189
  depends:
  - libgcc >=13
  license: MIT
  license_family: MIT
  run_exports:
    weak:
    - rhash >=1.4.6,<2.0a0
  size: 207475
  timestamp: 1748644952027
- conda: https://prefix.dev/conda-forge/linux-aarch64/zstd-1.5.7-h85ac4a6_6.conda
  sha256: 569990cf12e46f9df540275146da567d9c618c1e9c7a0bc9d9cfefadaed20b75
  md5: c3655f82dcea2aa179b291e7099c1fcc
  depends:
  - libzlib >=1.3.1,<2.0a0
  license: BSD-3-Clause
  license_family: BSD
  run_exports:
    weak:
    - zstd >=1.5.7,<1.6.0a0
  size: 614429
  timestamp: 1764777145593
- conda: https://prefix.dev/conda-forge/noarch/ca-certificates-2026.4.22-hbd8a1cb_0.conda
  sha256: c9dbcc8039a52023660d6d1bbf87594a93dd69c6ac5a2a44323af2c92976728d
  md5: e18ad67cf881dcadee8b8d9e2f8e5f73
  depends:
  - __unix
  license: ISC
  run_exports: {}
  size: 131039
  timestamp: 1776865545798
- conda: https://prefix.dev/conda-forge/noarch/kernel-headers_linux-64-4.18.0-he073ed8_9.conda
  sha256: 41557eeadf641de6aeae49486cef30d02a6912d8da98585d687894afd65b356a
  md5: 86d9cba083cd041bfbf242a01a7a1999
  constrains:
  - sysroot_linux-64 ==2.28
  license: LGPL-2.0-or-later AND LGPL-2.0-or-later WITH exceptions AND GPL-2.0-or-later
  license_family: GPL
  run_exports: {}
  size: 1278712
  timestamp: 1765578681495
- conda: https://prefix.dev/conda-forge/noarch/kernel-headers_linux-aarch64-4.18.0-h05a177a_9.conda
  sha256: 5d224bf4df9bac24e69de41897c53756108c5271a0e5d2d2f66fd4e2fbc1d84b
  md5: bb3b7cad9005f2cbf9d169fb30263f3e
  constrains:
  - sysroot_linux-aarch64 ==2.28
  license: LGPL-2.0-or-later AND LGPL-2.0-or-later WITH exceptions AND GPL-2.0-or-later
  license_family: GPL
  run_exports: {}
  size: 1248134
  timestamp: 1765578613607
- conda: https://prefix.dev/conda-forge/noarch/libgcc-devel_linux-64-15.2.0-hcc6f6b0_119.conda
  sha256: 38a557eba305468ac1f90ac85e50d8defd76141cb0b8a43b2fc1aca71dd5d5f2
  md5: 683fcb168e1df9a21fa80d5aa2d9330b
  depends:
  - __unix
  license: GPL-3.0-only WITH GCC-exception-3.1
  license_family: GPL
  run_exports: {}
  size: 3095909
  timestamp: 1778268932148
- conda: https://prefix.dev/conda-forge/noarch/libgcc-devel_linux-aarch64-15.2.0-h55c397f_119.conda
  sha256: fe600a63a39281e6994e27fe79360cd6bd8e576c3ce1af32ce8673b011f46c21
  md5: 18ad0f0b94071d91fa962a1bf3983a78
  depends:
  - __unix
  license: GPL-3.0-only WITH GCC-exception-3.1
  license_family: GPL
  run_exports: {}
  size: 2353893
  timestamp: 1778268665954
- conda: https://prefix.dev/conda-forge/noarch/libstdcxx-devel_linux-64-15.2.0-hd446a21_119.conda
  sha256: a2385f3611d5cd25378f9cf2367183320731709c067ddd08d43330d3170f15b8
  md5: bcfe7eae40158c3e355d2f9d3ed41230
  depends:
  - __unix
  license: GPL-3.0-only WITH GCC-exception-3.1
  license_family: GPL
  run_exports: {}
  size: 20765069
  timestamp: 1778268963689
- conda: https://prefix.dev/conda-forge/noarch/libstdcxx-devel_linux-aarch64-15.2.0-ha7b1723_119.conda
  sha256: 6f7ceee16070781b7d642a37a35ffdf09c66796d3df105c919526210ce220443
  md5: 61da34d67f58dd4cf16683f6cdcb06c8
  depends:
  - __unix
  license: GPL-3.0-only WITH GCC-exception-3.1
  license_family: GPL
  run_exports: {}
  size: 17627362
  timestamp: 1778268687968
- conda: https://prefix.dev/conda-forge/noarch/sysroot_linux-64-2.28-h4ee821c_9.conda
  sha256: c47299fe37aebb0fcf674b3be588e67e4afb86225be4b0d452c7eb75c086b851
  md5: 13dc3adbc692664cd3beabd216434749
  depends:
  - __glibc >=2.28
  - kernel-headers_linux-64 4.18.0 he073ed8_9
  - tzdata
  license: LGPL-2.0-or-later AND LGPL-2.0-or-later WITH exceptions AND GPL-2.0-or-later
  license_family: GPL
  run_exports:
    strong:
    - __glibc >=2.28,<3.0.a0
  size: 24008591
  timestamp: 1765578833462
- conda: https://prefix.dev/conda-forge/noarch/sysroot_linux-aarch64-2.28-h585391f_9.conda
  sha256: 1bd2db6b2e451247bab103e4a0128cf6c7595dd72cb26d70f7fadd9edd1d1bc3
  md5: fdf07ab944a222ff28c754914fdb0740
  depends:
  - __glibc >=2.28
  - kernel-headers_linux-aarch64 4.18.0 h05a177a_9
  - tzdata
  license: LGPL-2.0-or-later AND LGPL-2.0-or-later WITH exceptions AND GPL-2.0-or-later
  license_family: GPL
  run_exports:
    strong:
    - __glibc >=2.28,<3.0.a0
  size: 23644746
  timestamp: 1765578629426
- conda: https://prefix.dev/conda-forge/noarch/tzdata-2025c-hc9c84f9_1.conda
  sha256: 1d30098909076af33a35017eed6f2953af1c769e273a0626a04722ac4acaba3c
  md5: ad659d0a2b3e47e38d829aa8cad2d610
  license: LicenseRef-Public-Domain
  run_exports: {}
  size: 119135
  timestamp: 1767016325805
- conda_source: xtypes[3b11246b] @ .
  variants:
    target_platform: linux-aarch64
  depends:
  - libstdcxx >=15
  - libgcc >=15
  build_packages:
  - conda: https://prefix.dev/conda-forge/linux-aarch64/_openmp_mutex-4.5-20_gnu.conda
  - conda: https://prefix.dev/conda-forge/linux-aarch64/binutils_impl_linux-aarch64-2.45.1-default_h5f4c503_102.conda
  - conda: https://prefix.dev/conda-forge/linux-aarch64/binutils_linux-aarch64-2.45.1-default_hf1166c9_102.conda
  - conda: https://prefix.dev/conda-forge/linux-aarch64/bzip2-1.0.8-h4777abc_9.conda
  - conda: https://prefix.dev/conda-forge/linux-aarch64/c-ares-1.34.6-he30d5cf_0.conda
  - conda: https://prefix.dev/conda-forge/linux-aarch64/cmake-4.3.2-hc9d863e_0.conda
  - conda: https://prefix.dev/conda-forge/linux-aarch64/gcc_impl_linux-aarch64-15.2.0-h3530432_19.conda
  - conda: https://prefix.dev/conda-forge/linux-aarch64/gcc_linux-aarch64-15.2.0-h0bf4bd8_24.conda
  - conda: https://prefix.dev/conda-forge/linux-aarch64/gxx_impl_linux-aarch64-15.2.0-h03e2352_19.conda
  - conda: https://prefix.dev/conda-forge/linux-aarch64/gxx_linux-aarch64-15.2.0-h2b3cc8f_24.conda
  - conda: https://prefix.dev/conda-forge/linux-aarch64/keyutils-1.6.3-h86ecc28_0.conda
  - conda: https://prefix.dev/conda-forge/linux-aarch64/krb5-1.22.2-hfd895c2_0.conda
  - conda: https://prefix.dev/conda-forge/linux-aarch64/ld_impl_linux-aarch64-2.45.1-default_h1979696_102.conda
  - conda: https://prefix.dev/conda-forge/linux-aarch64/libcurl-8.20.0-hc57f145_0.conda
  - conda: https://prefix.dev/conda-forge/linux-aarch64/libedit-3.1.20250104-pl5321h976ea20_0.conda
  - conda: https://prefix.dev/conda-forge/linux-aarch64/libev-4.33-h31becfc_2.conda
  - conda: https://prefix.dev/conda-forge/linux-aarch64/libexpat-2.8.0-hfae3067_0.conda
  - conda: https://prefix.dev/conda-forge/linux-aarch64/libgcc-15.2.0-h8acb6b2_19.conda
  - conda: https://prefix.dev/conda-forge/linux-aarch64/libgcc-ng-15.2.0-he9431aa_19.conda
  - conda: https://prefix.dev/conda-forge/linux-aarch64/libgomp-15.2.0-h8acb6b2_19.conda
  - conda: https://prefix.dev/conda-forge/linux-aarch64/liblzma-5.8.3-he30d5cf_0.conda
  - conda: https://prefix.dev/conda-forge/linux-aarch64/libnghttp2-1.68.1-hd3077d7_0.conda
  - conda: https://prefix.dev/conda-forge/linux-aarch64/libsanitizer-15.2.0-he19c465_19.conda
  - conda: https://prefix.dev/conda-forge/linux-aarch64/libssh2-1.11.1-h18c354c_0.conda
  - conda: https://prefix.dev/conda-forge/linux-aarch64/libstdcxx-15.2.0-hef695bb_19.conda
  - conda: https://prefix.dev/conda-forge/linux-aarch64/libuv-1.51.0-he30d5cf_1.conda
  - conda: https://prefix.dev/conda-forge/linux-aarch64/libzlib-1.3.2-hdc9db2a_2.conda
  - conda: https://prefix.dev/conda-forge/linux-aarch64/ncurses-6.6-hf8d1292_0.conda
  - conda: https://prefix.dev/conda-forge/linux-aarch64/ninja-1.13.2-hdc560ac_0.conda
  - conda: https://prefix.dev/conda-forge/linux-aarch64/openssl-3.6.2-h546c87b_0.conda
  - conda: https://prefix.dev/conda-forge/linux-aarch64/rhash-1.4.6-h86ecc28_1.conda
  - conda: https://prefix.dev/conda-forge/linux-aarch64/zstd-1.5.7-h85ac4a6_6.conda
  - conda: https://prefix.dev/conda-forge/noarch/ca-certificates-2026.4.22-hbd8a1cb_0.conda
  - conda: https://prefix.dev/conda-forge/noarch/kernel-headers_linux-aarch64-4.18.0-h05a177a_9.conda
  - conda: https://prefix.dev/conda-forge/noarch/libgcc-devel_linux-aarch64-15.2.0-h55c397f_119.conda
  - conda: https://prefix.dev/conda-forge/noarch/libstdcxx-devel_linux-aarch64-15.2.0-ha7b1723_119.conda
  - conda: https://prefix.dev/conda-forge/noarch/sysroot_linux-aarch64-2.28-h585391f_9.conda
  - conda: https://prefix.dev/conda-forge/noarch/tzdata-2025c-hc9c84f9_1.conda
  host_packages:
  - conda: https://prefix.dev/conda-forge/linux-aarch64/_openmp_mutex-4.5-20_gnu.conda
  - conda: https://prefix.dev/conda-forge/linux-aarch64/libgcc-15.2.0-h8acb6b2_19.conda
  - conda: https://prefix.dev/conda-forge/linux-aarch64/libgomp-15.2.0-h8acb6b2_19.conda
  - conda: https://prefix.dev/conda-forge/linux-aarch64/libstdcxx-15.2.0-hef695bb_19.conda
- conda_source: xtypes[fd81e399] @ .
  variants:
    target_platform: linux-64
  depends:
  - libstdcxx >=15
  - libgcc >=15
  build_packages:
  - conda: https://prefix.dev/conda-forge/linux-64/_openmp_mutex-4.5-20_gnu.conda
  - conda: https://prefix.dev/conda-forge/linux-64/binutils_impl_linux-64-2.45.1-default_hfdba357_102.conda
  - conda: https://prefix.dev/conda-forge/linux-64/binutils_linux-64-2.45.1-default_h4852527_102.conda
  - conda: https://prefix.dev/conda-forge/linux-64/bzip2-1.0.8-hda65f42_9.conda
  - conda: https://prefix.dev/conda-forge/linux-64/c-ares-1.34.6-hb03c661_0.conda
  - conda: https://prefix.dev/conda-forge/linux-64/cmake-4.3.2-hc85cc9f_0.conda
  - conda: https://prefix.dev/conda-forge/linux-64/gcc_impl_linux-64-15.2.0-he0086c7_19.conda
  - conda: https://prefix.dev/conda-forge/linux-64/gcc_linux-64-15.2.0-h7be306e_24.conda
  - conda: https://prefix.dev/conda-forge/linux-64/gxx_impl_linux-64-15.2.0-hda75c37_19.conda
  - conda: https://prefix.dev/conda-forge/linux-64/gxx_linux-64-15.2.0-he30e93d_24.conda
  - conda: https://prefix.dev/conda-forge/linux-64/keyutils-1.6.3-hb9d3cd8_0.conda
  - conda: https://prefix.dev/conda-forge/linux-64/krb5-1.22.2-ha1258a1_0.conda
  - conda: https://prefix.dev/conda-forge/linux-64/ld_impl_linux-64-2.45.1-default_hbd61a6d_102.conda
  - conda: https://prefix.dev/conda-forge/linux-64/libcurl-8.20.0-hcf29cc6_0.conda
  - conda: https://prefix.dev/conda-forge/linux-64/libedit-3.1.20250104-pl5321h7949ede_0.conda
  - conda: https://prefix.dev/conda-forge/linux-64/libev-4.33-hd590300_2.conda
  - conda: https://prefix.dev/conda-forge/linux-64/libexpat-2.8.0-hecca717_0.conda
  - conda: https://prefix.dev/conda-forge/linux-64/libgcc-15.2.0-he0feb66_19.conda
  - conda: https://prefix.dev/conda-forge/linux-64/libgcc-ng-15.2.0-h69a702a_19.conda
  - conda: https://prefix.dev/conda-forge/linux-64/libgomp-15.2.0-he0feb66_19.conda
  - conda: https://prefix.dev/conda-forge/linux-64/liblzma-5.8.3-hb03c661_0.conda
  - conda: https://prefix.dev/conda-forge/linux-64/libnghttp2-1.68.1-h877daf1_0.conda
  - conda: https://prefix.dev/conda-forge/linux-64/libsanitizer-15.2.0-h90f66d4_19.conda
  - conda: https://prefix.dev/conda-forge/linux-64/libssh2-1.11.1-hcf80075_0.conda
  - conda: https://prefix.dev/conda-forge/linux-64/libstdcxx-15.2.0-h934c35e_19.conda
  - conda: https://prefix.dev/conda-forge/linux-64/libuv-1.51.0-hb03c661_1.conda
  - conda: https://prefix.dev/conda-forge/linux-64/libzlib-1.3.2-h25fd6f3_2.conda
  - conda: https://prefix.dev/conda-forge/linux-64/ncurses-6.6-hdb14827_0.conda
  - conda: https://prefix.dev/conda-forge/linux-64/ninja-1.13.2-h171cf75_0.conda
  - conda: https://prefix.dev/conda-forge/linux-64/openssl-3.6.2-h35e630c_0.conda
  - conda: https://prefix.dev/conda-forge/linux-64/rhash-1.4.6-hb9d3cd8_1.conda
  - conda: https://prefix.dev/conda-forge/linux-64/zstd-1.5.7-hb78ec9c_6.conda
  - conda: https://prefix.dev/conda-forge/noarch/ca-certificates-2026.4.22-hbd8a1cb_0.conda
  - conda: https://prefix.dev/conda-forge/noarch/kernel-headers_linux-64-4.18.0-he073ed8_9.conda
  - conda: https://prefix.dev/conda-forge/noarch/libgcc-devel_linux-64-15.2.0-hcc6f6b0_119.conda
  - conda: https://prefix.dev/conda-forge/noarch/libstdcxx-devel_linux-64-15.2.0-hd446a21_119.conda
  - conda: https://prefix.dev/conda-forge/noarch/sysroot_linux-64-2.28-h4ee821c_9.conda
  - conda: https://prefix.dev/conda-forge/noarch/tzdata-2025c-hc9c84f9_1.conda
  host_packages:
  - conda: https://prefix.dev/conda-forge/linux-64/_openmp_mutex-4.5-20_gnu.conda
  - conda: https://prefix.dev/conda-forge/linux-64/libgcc-15.2.0-he0feb66_19.conda
  - conda: https://prefix.dev/conda-forge/linux-64/libgomp-15.2.0-he0feb66_19.conda
  - conda: https://prefix.dev/conda-forge/linux-64/libstdcxx-15.2.0-h934c35e_19.conda
